{
  "name": "amqp-client",
  "version": "0.1.2",
  "dependencies": {
    "amqplib": {
      "version": "0.4.2",
      "from": "amqplib@*",
      "resolved": "https://registry.npmjs.org/amqplib/-/amqplib-0.4.2.tgz",
      "dependencies": {
        "bitsyntax": {
          "version": "0.0.4",
          "from": "bitsyntax@>=0.0.4 <0.1.0",
          "resolved": "https://registry.npmjs.org/bitsyntax/-/bitsyntax-0.0.4.tgz"
        },
        "buffer-more-ints": {
          "version": "0.0.2",
          "from": "buffer-more-ints@0.0.2",
          "resolved": "https://registry.npmjs.org/buffer-more-ints/-/buffer-more-ints-0.0.2.tgz"
        },
        "readable-stream": {
          "version": "1.1.14",
          "from": "readable-stream@>=1.0.0 <2.0.0 >=1.1.9",
          "resolved": "https://registry.npmjs.org/readable-stream/-/readable-stream-1.1.14.tgz",
          "dependencies": {
            "core-util-is": {
              "version": "1.0.2",
              "from": "core-util-is@>=1.0.0 <1.1.0",
              "resolved": "https://registry.npmjs.org/core-util-is/-/core-util-is-1.0.2.tgz"
            },
            "isarray": {
              "version": "0.0.1",
              "from": "isarray@0.0.1",
              "resolved": "https://registry.npmjs.org/isarray/-/isarray-0.0.1.tgz"
            },
            "string_decoder": {
              "version": "0.10.31",
              "from": "string_decoder@>=0.10.0 <0.11.0",
              "resolved": "https://registry.npmjs.org/string_decoder/-/string_decoder-0.10.31.tgz"
            },
            "inherits": {
              "version": "2.0.3",
              "from": "inherits@>=2.0.1 <2.1.0",
              "resolved": "https://registry.npmjs.org/inherits/-/inherits-2.0.3.tgz"
            }
          }
        },
        "when": {
          "version": "3.6.4",
          "from": "when@>=3.6.2 <3.7.0",
          "resolved": "https://registry.npmjs.org/when/-/when-3.6.4.tgz"
        }
      }
    },
    "debug": {
      "version": "2.2.0",
      "from": "debug@*",
      "resolved": "https://registry.npmjs.org/debug/-/debug-2.2.0.tgz",
      "dependencies": {
        "ms": {
          "version": "0.7.1",
          "from": "ms@0.7.1",
          "resolved": "https://registry.npmjs.org/ms/-/ms-0.7.1.tgz"
        }
      }
    },
    "lodash": {
      "version": "4.16.4",
      "from": "lodash@*",
      "resolved": "https://registry.npmjs.org/lodash/-/lodash-4.16.4.tgz"
    }
  }
}
